{
  "originHash" : "648488980af4a6c05161ba4109f01b4d14ecb22fce5646a7144c8555fd39667e",
  "pins" : [
    {
      "identity" : "swiftdraw",
      "kind" : "remoteSourceControl",
      "location" : "https://github.com/swhitty/SwiftDraw.git",
      "state" : {
        "revision" : "82699f4bdf2f075793cfa0d392eb27c59b41a3fe",
        "version" : "0.29.0"
      }
    }
  ],
  "version" : 3
}
