{
  "originHash" : "f946da09bbe9ef0ed73465485710e08b5ba0fd0dd4f498b075afe1b6287ef441",
  "pins" : [
    {
      "identity" : "swiftdraw",
      "kind" : "remoteSourceControl",
      "location" : "https://github.com/swhitty/SwiftDraw.git",
      "state" : {
        "revision" : "9b15cec6c2c5dc7ee32321a7a51883cb179a9da0",
        "version" : "0.26.0"
      }
    }
  ],
  "version" : 3
}
